
Microsoft Visual Studio Solution File, Format Version 12.00
# Visual Studio Version 17
VisualStudioVersion = 17.2.32526.322
MinimumVisualStudioVersion = 10.0.40219.1
Project("{FAE04EC0-301F-11D3-BF4B-00C04F79EFBC}") = "Ejecicio1_3.Android", "Ejecicio1_3.Android\Ejecicio1_3.Android.csproj", "{637121DC-BD59-4CEB-A4DB-49AE7D73603A}"
EndProject
Project("{FAE04EC0-301F-11D3-BF4B-00C04F79EFBC}") = "Ejecicio1_3", "Ejecicio1_3\Ejecicio1_3.csproj", "{041B9D8A-6B0A-4993-AD87-52FE312298BC}"
EndProject
Global
	GlobalSection(SolutionConfigurationPlatforms) = preSolution
		Debug|Any CPU = Debug|Any CPU
		Release|Any CPU = Release|Any CPU
	EndGlobalSection
	GlobalSection(ProjectConfigurationPlatforms) = postSolution
		{637121DC-BD59-4CEB-A4DB-49AE7D73603A}.Debug|Any CPU.ActiveCfg = Debug|Any CPU
		{637121DC-BD59-4CEB-A4DB-49AE7D73603A}.Debug|Any CPU.Build.0 = Debug|Any CPU
		{637121DC-BD59-4CEB-A4DB-49AE7D73603A}.Debug|Any CPU.Deploy.0 = Debug|Any CPU
		{637121DC-BD59-4CEB-A4DB-49AE7D73603A}.Release|Any CPU.ActiveCfg = Release|Any CPU
		{637121DC-BD59-4CEB-A4DB-49AE7D73603A}.Release|Any CPU.Build.0 = Release|Any CPU
		{637121DC-BD59-4CEB-A4DB-49AE7D73603A}.Release|Any CPU.Deploy.0 = Release|Any CPU
		{041B9D8A-6B0A-4993-AD87-52FE312298BC}.Debug|Any CPU.ActiveCfg = Debug|Any CPU
		{041B9D8A-6B0A-4993-AD87-52FE312298BC}.Debug|Any CPU.Build.0 = Debug|Any CPU
		{041B9D8A-6B0A-4993-AD87-52FE312298BC}.Debug|Any CPU.Deploy.0 = Debug|Any CPU
		{041B9D8A-6B0A-4993-AD87-52FE312298BC}.Release|Any CPU.ActiveCfg = Release|Any CPU
		{041B9D8A-6B0A-4993-AD87-52FE312298BC}.Release|Any CPU.Build.0 = Release|Any CPU
		{041B9D8A-6B0A-4993-AD87-52FE312298BC}.Release|Any CPU.Deploy.0 = Release|Any CPU
	EndGlobalSection
	GlobalSection(SolutionProperties) = preSolution
		HideSolutionNode = FALSE
	EndGlobalSection
	GlobalSection(ExtensibilityGlobals) = postSolution
		SolutionGuid = {E217266C-3D80-495C-AC7A-EFEEF1140638}
	EndGlobalSection
EndGlobal
